
Microsoft Visual Studio Solution File, Format Version 12.00
# Visual Studio 15
VisualStudioVersion = 15.0.28307.438
MinimumVisualStudioVersion = 10.0.40219.1
Project("{FAE04EC0-301F-11D3-BF4B-00C04F79EFBC}") = "SCYP.AudioSwapApi", "SCYP.AudioSwapApi\SCYP.AudioSwapApi.csproj", "{76E56098-159D-40A8-A96A-2AB4BA29ACF2}"
EndProject
Project("{FAE04EC0-301F-11D3-BF4B-00C04F79EFBC}") = "SCYP.ConsoleApp", "SCYP.ConsoleApp\SCYP.ConsoleApp.csproj", "{F344C17F-418B-45B0-9034-C468F325E902}"
EndProject
Global
	GlobalSection(SolutionConfigurationPlatforms) = preSolution
		Debug|Any CPU = Debug|Any CPU
		Release|Any CPU = Release|Any CPU
	EndGlobalSection
	GlobalSection(ProjectConfigurationPlatforms) = postSolution
		{76E56098-159D-40A8-A96A-2AB4BA29ACF2}.Debug|Any CPU.ActiveCfg = Debug|Any CPU
		{76E56098-159D-40A8-A96A-2AB4BA29ACF2}.Debug|Any CPU.Build.0 = Debug|Any CPU
		{76E56098-159D-40A8-A96A-2AB4BA29ACF2}.Release|Any CPU.ActiveCfg = Release|Any CPU
		{76E56098-159D-40A8-A96A-2AB4BA29ACF2}.Release|Any CPU.Build.0 = Release|Any CPU
		{F344C17F-418B-45B0-9034-C468F325E902}.Debug|Any CPU.ActiveCfg = Debug|Any CPU
		{F344C17F-418B-45B0-9034-C468F325E902}.Debug|Any CPU.Build.0 = Debug|Any CPU
		{F344C17F-418B-45B0-9034-C468F325E902}.Release|Any CPU.ActiveCfg = Release|Any CPU
		{F344C17F-418B-45B0-9034-C468F325E902}.Release|Any CPU.Build.0 = Release|Any CPU
	EndGlobalSection
	GlobalSection(SolutionProperties) = preSolution
		HideSolutionNode = FALSE
	EndGlobalSection
	GlobalSection(ExtensibilityGlobals) = postSolution
		SolutionGuid = {924CEDDE-0A3C-4F13-B191-11E9CAC4E535}
	EndGlobalSection
EndGlobal
